// !$*UTF8*$!
{
	archiveVersion = 1;
	classes = {
	};
	objectVersion = 56;
	objects = {

/* Begin PBXBuildFile section */
		4FB3EEF62A1260E6008C64D7 /* AppDelegate.swift in Sources */ = {isa = PBXBuildFile; fileRef = 4FB3EEF52A1260E6008C64D7 /* AppDelegate.swift */; };
		4FB3EEF82A1260E6008C64D7 /* SceneDelegate.swift in Sources */ = {isa = PBXBuildFile; fileRef = 4FB3EEF72A1260E6008C64D7 /* SceneDelegate.swift */; };
		4FB3EEFA2A1260E6008C64D7 /* ViewController.swift in Sources */ = {isa = PBXBuildFile; fileRef = 4FB3EEF92A1260E6008C64D7 /* ViewController.swift */; };
		4FB3EEFD2A1260E6008C64D7 /* Main.storyboard in Resources */ = {isa = PBXBuildFile; fileRef = 4FB3EEFB2A1260E6008C64D7 /* Main.storyboard */; };
		4FB3EF002A1260E6008C64D7 /* MealTableView.xcdatamodeld in Sources */ = {isa = PBXBuildFile; fileRef = 4FB3EEFE2A1260E6008C64D7 /* MealTableView.xcdatamodeld */; };
		4FB3EF022A1260E7008C64D7 /* Assets.xcassets in Resources */ = {isa = PBXBuildFile; fileRef = 4FB3EF012A1260E7008C64D7 /* Assets.xcassets */; };
		4FB3EF052A1260E7008C64D7 /* LaunchScreen.storyboard in Resources */ = {isa = PBXBuildFile; fileRef = 4FB3EF032A1260E7008C64D7 /* LaunchScreen.storyboard */; };
		4FB3EF0D2A126190008C64D7 /* CustomCell.swift in Sources */ = {isa = PBXBuildFile; fileRef = 4FB3EF0C2A126190008C64D7 /* CustomCell.swift */; };
		4FB3EF0F2A126C64008C64D7 /* Model.swift in Sources */ = {isa = PBXBuildFile; fileRef = 4FB3EF0E2A126C64008C64D7 /* Model.swift */; };
/* End PBXBuildFile section */

/* Begin PBXFileReference section */
		4FB3EEF22A1260E6008C64D7 /* MealTableView.app */ = {isa = PBXFileReference; explicitFileType = wrapper.application; includeInIndex = 0; path = MealTableView.app; sourceTree = BUILT_PRODUCTS_DIR; };
		4FB3EEF52A1260E6008C64D7 /* AppDelegate.swift */ = {isa = PBXFileReference; lastKnownFileType = sourcecode.swift; path = AppDelegate.swift; sourceTree = "<group>"; };
		4FB3EEF72A1260E6008C64D7 /* SceneDelegate.swift */ = {isa = PBXFileReference; lastKnownFileType = sourcecode.swift; path = SceneDelegate.swift; sourceTree = "<group>"; };
		4FB3EEF92A1260E6008C64D7 /* ViewController.swift */ = {isa = PBXFileReference; lastKnownFileType = sourcecode.swift; path = ViewController.swift; sourceTree = "<group>"; };
		4FB3EEFC2A1260E6008C64D7 /* Base */ = {isa = PBXFileReference; lastKnownFileType = file.storyboard; name = Base; path = Base.lproj/Main.storyboard; sourceTree = "<group>"; };
		4FB3EEFF2A1260E6008C64D7 /* MealTableView.xcdatamodel */ = {isa = PBXFileReference; lastKnownFileType = wrapper.xcdatamodel; path = MealTableView.xcdatamodel; sourceTree = "<group>"; };
		4FB3EF012A1260E7008C64D7 /* Assets.xcassets */ = {isa = PBXFileReference; lastKnownFileType = folder.assetcatalog; path = Assets.xcassets; sourceTree = "<group>"; };
		4FB3EF042A1260E7008C64D7 /* Base */ = {isa = PBXFileReference; lastKnownFileType = file.storyboard; name = Base; path = Base.lproj/LaunchScreen.storyboard; sourceTree = "<group>"; };
		4FB3EF062A1260E7008C64D7 /* Info.plist */ = {isa = PBXFileReference; lastKnownFileType = text.plist.xml; path = Info.plist; sourceTree = "<group>"; };
		4FB3EF0C2A126190008C64D7 /* CustomCell.swift */ = {isa = PBXFileReference; lastKnownFileType = sourcecode.swift; path = CustomCell.swift; sourceTree = "<group>"; };
		4FB3EF0E2A126C64008C64D7 /* Model.swift */ = {isa = PBXFileReference; lastKnownFileType = sourcecode.swift; path = Model.swift; sourceTree = "<group>"; };
/* End PBXFileReference section */

/* Begin PBXFrameworksBuildPhase section */
		4FB3EEEF2A1260E6008C64D7 /* Frameworks */ = {
			isa = PBXFrameworksBuildPhase;
			buildActionMask = 2147483647;
			files = (
			);
			runOnlyForDeploymentPostprocessing = 0;
		};
/* End PBXFrameworksBuildPhase section */

/* Begin PBXGroup section */
		4FB3EEE92A1260E6008C64D7 = {
			isa = PBXGroup;
			children = (
				4FB3EEF42A1260E6008C64D7 /* MealTableView */,
				4FB3EEF32A1260E6008C64D7 /* Products */,
			);
			sourceTree = "<group>";
		};
		4FB3EEF32A1260E6008C64D7 /* Products */ = {
			isa = PBXGroup;
			children = (
				4FB3EEF22A1260E6008C64D7 /* MealTableView.app */,
			);
			name = Products;
			sourceTree = "<group>";
		};
		4FB3EEF42A1260E6008C64D7 /* MealTableView */ = {
			isa = PBXGroup;
			children = (
				4FB3EEF52A1260E6008C64D7 /* AppDelegate.swift */,
				4FB3EEF72A1260E6008C64D7 /* SceneDelegate.swift */,
				4FB3EEF92A1260E6008C64D7 /* ViewController.swift */,
				4FB3EF0C2A126190008C64D7 /* CustomCell.swift */,
				4FB3EEFB2A1260E6008C64D7 /* Main.storyboard */,
				4FB3EF012A1260E7008C64D7 /* Assets.xcassets */,
				4FB3EF032A1260E7008C64D7 /* LaunchScreen.storyboard */,
				4FB3EF062A1260E7008C64D7 /* Info.plist */,
				4FB3EEFE2A1260E6008C64D7 /* MealTableView.xcdatamodeld */,
				4FB3EF0E2A126C64008C64D7 /* Model.swift */,
			);
			path = MealTableView;
			sourceTree = "<group>";
		};
/* End PBXGroup section */

/* Begin PBXNativeTarget section */
		4FB3EEF12A1260E6008C64D7 /* MealTableView */ = {
			isa = PBXNativeTarget;
			buildConfigurationList = 4FB3EF092A1260E7008C64D7 /* Build configuration list for PBXNativeTarget "MealTableView" */;
			buildPhases = (
				4FB3EEEE2A1260E6008C64D7 /* Sources */,
				4FB3EEEF2A1260E6008C64D7 /* Frameworks */,
				4FB3EEF02A1260E6008C64D7 /* Resources */,
			);
			buildRules = (
			);
			dependencies = (
			);
			name = MealTableView;
			productName = MealTableView;
			productReference = 4FB3EEF22A1260E6008C64D7 /* MealTableView.app */;
			productType = "com.apple.product-type.application";
		};
/* End PBXNativeTarget section */

/* Begin PBXProject section */
		4FB3EEEA2A1260E6008C64D7 /* Project object */ = {
			isa = PBXProject;
			attributes = {
				BuildIndependentTargetsInParallel = 1;
				LastSwiftUpdateCheck = 1430;
				LastUpgradeCheck = 1430;
				TargetAttributes = {
					4FB3EEF12A1260E6008C64D7 = {
						CreatedOnToolsVersion = 14.3;
					};
				};
			};
			buildConfigurationList = 4FB3EEED2A1260E6008C64D7 /* Build configuration list for PBXProject "MealTableView" */;
			compatibilityVersion = "Xcode 14.0";
			developmentRegion = en;
			hasScannedForEncodings = 0;
			knownRegions = (
				en,
				Base,
			);
			mainGroup = 4FB3EEE92A1260E6008C64D7;
			productRefGroup = 4FB3EEF32A1260E6008C64D7 /* Products */;
			projectDirPath = "";
			projectRoot = "";
			targets = (
				4FB3EEF12A1260E6008C64D7 /* MealTableView */,
			);
		};
/* End PBXProject section */

/* Begin PBXResourcesBuildPhase section */
		4FB3EEF02A1260E6008C64D7 /* Resources */ = {
			isa = PBXResourcesBuildPhase;
			buildActionMask = 2147483647;
			files = (
				4FB3EF052A1260E7008C64D7 /* LaunchScreen.storyboard in Resources */,
				4FB3EF022A1260E7008C64D7 /* Assets.xcassets in Resources */,
				4FB3EEFD2A1260E6008C64D7 /* Main.storyboard in Resources */,
			);
			runOnlyForDeploymentPostprocessing = 0;
		};
/* End PBXResourcesBuildPhase section */

/* Begin PBXSourcesBuildPhase section */
		4FB3EEEE2A1260E6008C64D7 /* Sources */ = {
			isa = PBXSourcesBuildPhase;
			buildActionMask = 2147483647;
			files = (
				4FB3EF002A1260E6008C64D7 /* MealTableView.xcdatamodeld in Sources */,
				4FB3EEFA2A1260E6008C64D7 /* ViewController.swift in Sources */,
				4FB3EF0D2A126190008C64D7 /* CustomCell.swift in Sources */,
				4FB3EF0F2A126C64008C64D7 /* Model.swift in Sources */,
				4FB3EEF62A1260E6008C64D7 /* AppDelegate.swift in Sources */,
				4FB3EEF82A1260E6008C64D7 /* SceneDelegate.swift in Sources */,
			);
			runOnlyForDeploymentPostprocessing = 0;
		};
/* End PBXSourcesBuildPhase section */

/* Begin PBXVariantGroup section */
		4FB3EEFB2A1260E6008C64D7 /* Main.storyboard */ = {
			isa = PBXVariantGroup;
			children = (
				4FB3EEFC2A1260E6008C64D7 /* Base */,
			);
			name = Main.storyboard;
			sourceTree = "<group>";
		};
		4FB3EF032A1260E7008C64D7 /* LaunchScreen.storyboard */ = {
			isa = PBXVariantGroup;
			children = (
				4FB3EF042A1260E7008C64D7 /* Base */,
			);
			name = LaunchScreen.storyboard;
			sourceTree = "<group>";
		};
/* End PBXVariantGroup section */

/* Begin XCBuildConfiguration section */
		4FB3EF072A1260E7008C64D7 /* Debug */ = {
			isa = XCBuildConfiguration;
			buildSettings = {
				ALWAYS_SEARCH_USER_PATHS = NO;
				CLANG_ANALYZER_NONNULL = YES;
				CLANG_ANALYZER_NUMBER_OBJECT_CONVERSION = YES_AGGRESSIVE;
				CLANG_CXX_LANGUAGE_STANDARD = "gnu++20";
				CLANG_ENABLE_MODULES = YES;
				CLANG_ENABLE_OBJC_ARC = YES;
				CLANG_ENABLE_OBJC_WEAK = YES;
				CLANG_WARN_BLOCK_CAPTURE_AUTORELEASING = YES;
				CLANG_WARN_BOOL_CONVERSION = YES;
				CLANG_WARN_COMMA = YES;
				CLANG_WARN_CONSTANT_CONVERSION = YES;
				CLANG_WARN_DEPRECATED_OBJC_IMPLEMENTATIONS = YES;
				CLANG_WARN_DIRECT_OBJC_ISA_USAGE = YES_ERROR;
				CLANG_WARN_DOCUMENTATION_COMMENTS = YES;
				CLANG_WARN_EMPTY_BODY = YES;
				CLANG_WARN_ENUM_CONVERSION = YES;
				CLANG_WARN_INFINITE_RECURSION = YES;
				CLANG_WARN_INT_CONVERSION = YES;
				CLANG_WARN_NON_LITERAL_NULL_CONVERSION = YES;
				CLANG_WARN_OBJC_IMPLICIT_RETAIN_SELF = YES;
				CLANG_WARN_OBJC_LITERAL_CONVERSION = YES;
				CLANG_WARN_OBJC_ROOT_CLASS = YES_ERROR;
				CLANG_WARN_QUOTED_INCLUDE_IN_FRAMEWORK_HEADER = YES;
				CLANG_WARN_RANGE_LOOP_ANALYSIS = YES;
				CLANG_WARN_STRICT_PROTOTYPES = YES;
				CLANG_WARN_SUSPICIOUS_MOVE = YES;
				CLANG_WARN_UNGUARDED_AVAILABILITY = YES_AGGRESSIVE;
				CLANG_WARN_UNREACHABLE_CODE = YES;
				CLANG_WARN__DUPLICATE_METHOD_MATCH = YES;
				COPY_PHASE_STRIP = NO;
				DEBUG_INFORMATION_FORMAT = dwarf;
				ENABLE_STRICT_OBJC_MSGSEND = YES;
				ENABLE_TESTABILITY = YES;
				GCC_C_LANGUAGE_STANDARD = gnu11;
				GCC_DYNAMIC_NO_PIC = NO;
				GCC_NO_COMMON_BLOCKS = YES;
				GCC_OPTIMIZATION_LEVEL = 0;
				GCC_PREPROCESSOR_DEFINITIONS = (
					"DEBUG=1",
					"$(inherited)",
				);
				GCC_WARN_64_TO_32_BIT_CONVERSION = YES;
				GCC_WARN_ABOUT_RETURN_TYPE = YES_ERROR;
				GCC_WARN_UNDECLARED_SELECTOR = YES;
				GCC_WARN_UNINITIALIZED_AUTOS = YES_AGGRESSIVE;
				GCC_WARN_UNUSED_FUNCTION = YES;
				GCC_WARN_UNUSED_VARIABLE = YES;
				IPHONEOS_DEPLOYMENT_TARGET = 16.4;
				MTL_ENABLE_DEBUG_INFO = INCLUDE_SOURCE;
				MTL_FAST_MATH = YES;
				ONLY_ACTIVE_ARCH = YES;
				SDKROOT = iphoneos;
				SWIFT_ACTIVE_COMPILATION_CONDITIONS = DEBUG;
				SWIFT_OPTIMIZATION_LEVEL = "-Onone";
			};
			name = Debug;
		};
		4FB3EF082A1260E7008C64D7 /* Release */ = {
			isa = XCBuildConfiguration;
			buildSettings = {
				ALWAYS_SEARCH_USER_PATHS = NO;
				CLANG_ANALYZER_NONNULL = YES;
				CLANG_ANALYZER_NUMBER_OBJECT_CONVERSION = YES_AGGRESSIVE;
				CLANG_CXX_LANGUAGE_STANDARD = "gnu++20";
				CLANG_ENABLE_MODULES = YES;
				CLANG_ENABLE_OBJC_ARC = YES;
				CLANG_ENABLE_OBJC_WEAK = YES;
				CLANG_WARN_BLOCK_CAPTURE_AUTORELEASING = YES;
				CLANG_WARN_BOOL_CONVERSION = YES;
				CLANG_WARN_COMMA = YES;
				CLANG_WARN_CONSTANT_CONVERSION = YES;
				CLANG_WARN_DEPRECATED_OBJC_IMPLEMENTATIONS = YES;
				CLANG_WARN_DIRECT_OBJC_ISA_USAGE = YES_ERROR;
				CLANG_WARN_DOCUMENTATION_COMMENTS = YES;
				CLANG_WARN_EMPTY_BODY = YES;
				CLANG_WARN_ENUM_CONVERSION = YES;
				CLANG_WARN_INFINITE_RECURSION = YES;
				CLANG_WARN_INT_CONVERSION = YES;
				CLANG_WARN_NON_LITERAL_NULL_CONVERSION = YES;
				CLANG_WARN_OBJC_IMPLICIT_RETAIN_SELF = YES;
				CLANG_WARN_OBJC_LITERAL_CONVERSION = YES;
				CLANG_WARN_OBJC_ROOT_CLASS = YES_ERROR;
				CLANG_WARN_QUOTED_INCLUDE_IN_FRAMEWORK_HEADER = YES;
				CLANG_WARN_RANGE_LOOP_ANALYSIS = YES;
				CLANG_WARN_STRICT_PROTOTYPES = YES;
				CLANG_WARN_SUSPICIOUS_MOVE = YES;
				CLANG_WARN_UNGUARDED_AVAILABILITY = YES_AGGRESSIVE;
				CLANG_WARN_UNREACHABLE_CODE = YES;
				CLANG_WARN__DUPLICATE_METHOD_MATCH = YES;
				COPY_PHASE_STRIP = NO;
				DEBUG_INFORMATION_FORMAT = "dwarf-with-dsym";
				ENABLE_NS_ASSERTIONS = NO;
				ENABLE_STRICT_OBJC_MSGSEND = YES;
				GCC_C_LANGUAGE_STANDARD = gnu11;
				GCC_NO_COMMON_BLOCKS = YES;
				GCC_WARN_64_TO_32_BIT_CONVERSION = YES;
				GCC_WARN_ABOUT_RETURN_TYPE = YES_ERROR;
				GCC_WARN_UNDECLARED_SELECTOR = YES;
				GCC_WARN_UNINITIALIZED_AUTOS = YES_AGGRESSIVE;
				GCC_WARN_UNUSED_FUNCTION = YES;
				GCC_WARN_UNUSED_VARIABLE = YES;
				IPHONEOS_DEPLOYMENT_TARGET = 16.4;
				MTL_ENABLE_DEBUG_INFO = NO;
				MTL_FAST_MATH = YES;
				SDKROOT = iphoneos;
				SWIFT_COMPILATION_MODE = wholemodule;
				SWIFT_OPTIMIZATION_LEVEL = "-O";
				VALIDATE_PRODUCT = YES;
			};
			name = Release;
		};
		4FB3EF0A2A1260E7008C64D7 /* Debug */ = {
			isa = XCBuildConfiguration;
			buildSettings = {
				ASSETCATALOG_COMPILER_APPICON_NAME = AppIcon;
				ASSETCATALOG_COMPILER_GLOBAL_ACCENT_COLOR_NAME = AccentColor;
				CODE_SIGN_STYLE = Automatic;
				CURRENT_PROJECT_VERSION = 1;
				GENERATE_INFOPLIST_FILE = YES;
				INFOPLIST_FILE = MealTableView/Info.plist;
				INFOPLIST_KEY_UIApplicationSupportsIndirectInputEvents = YES;
				INFOPLIST_KEY_UILaunchStoryboardName = LaunchScreen;
				INFOPLIST_KEY_UIMainStoryboardFile = Main;
				INFOPLIST_KEY_UISupportedInterfaceOrientations_iPad = "UIInterfaceOrientationPortrait UIInterfaceOrientationPortraitUpsideDown UIInterfaceOrientationLandscapeLeft UIInterfaceOrientationLandscapeRight";
				INFOPLIST_KEY_UISupportedInterfaceOrientations_iPhone = "UIInterfaceOrientationPortrait UIInterfaceOrientationLandscapeLeft UIInterfaceOrientationLandscapeRight";
				LD_RUNPATH_SEARCH_PATHS = (
					"$(inherited)",
					"@executable_path/Frameworks",
				);
				MARKETING_VERSION = 1.0;
				PRODUCT_BUNDLE_IDENTIFIER = aa.MealTableView;
				PRODUCT_NAME = "$(TARGET_NAME)";
				SWIFT_EMIT_LOC_STRINGS = YES;
				SWIFT_VERSION = 5.0;
				TARGETED_DEVICE_FAMILY = "1,2";
			};
			name = Debug;
		};
		4FB3EF0B2A1260E7008C64D7 /* Release */ = {
			isa = XCBuildConfiguration;
			buildSettings = {
				ASSETCATALOG_COMPILER_APPICON_NAME = AppIcon;
				ASSETCATALOG_COMPILER_GLOBAL_ACCENT_COLOR_NAME = AccentColor;
				CODE_SIGN_STYLE = Automatic;
				CURRENT_PROJECT_VERSION = 1;
				GENERATE_INFOPLIST_FILE = YES;
				INFOPLIST_FILE = MealTableView/Info.plist;
				INFOPLIST_KEY_UIApplicationSupportsIndirectInputEvents = YES;
				INFOPLIST_KEY_UILaunchStoryboardName = LaunchScreen;
				INFOPLIST_KEY_UIMainStoryboardFile = Main;
				INFOPLIST_KEY_UISupportedInterfaceOrientations_iPad = "UIInterfaceOrientationPortrait UIInterfaceOrientationPortraitUpsideDown UIInterfaceOrientationLandscapeLeft UIInterfaceOrientationLandscapeRight";
				INFOPLIST_KEY_UISupportedInterfaceOrientations_iPhone = "UIInterfaceOrientationPortrait UIInterfaceOrientationLandscapeLeft UIInterfaceOrientationLandscapeRight";
				LD_RUNPATH_SEARCH_PATHS = (
					"$(inherited)",
					"@executable_path/Frameworks",
				);
				MARKETING_VERSION = 1.0;
				PRODUCT_BUNDLE_IDENTIFIER = aa.MealTableView;
				PRODUCT_NAME = "$(TARGET_NAME)";
				SWIFT_EMIT_LOC_STRINGS = YES;
				SWIFT_VERSION = 5.0;
				TARGETED_DEVICE_FAMILY = "1,2";
			};
			name = Release;
		};
/* End XCBuildConfiguration section */

/* Begin XCConfigurationList section */
		4FB3EEED2A1260E6008C64D7 /* Build configuration list for PBXProject "MealTableView" */ = {
			isa = XCConfigurationList;
			buildConfigurations = (
				4FB3EF072A1260E7008C64D7 /* Debug */,
				4FB3EF082A1260E7008C64D7 /* Release */,
			);
			defaultConfigurationIsVisible = 0;
			defaultConfigurationName = Release;
		};
		4FB3EF092A1260E7008C64D7 /* Build configuration list for PBXNativeTarget "MealTableView" */ = {
			isa = XCConfigurationList;
			buildConfigurations = (
				4FB3EF0A2A1260E7008C64D7 /* Debug */,
				4FB3EF0B2A1260E7008C64D7 /* Release */,
			);
			defaultConfigurationIsVisible = 0;
			defaultConfigurationName = Release;
		};
/* End XCConfigurationList section */

/* Begin XCVersionGroup section */
		4FB3EEFE2A1260E6008C64D7 /* MealTableView.xcdatamodeld */ = {
			isa = XCVersionGroup;
			children = (
				4FB3EEFF2A1260E6008C64D7 /* MealTableView.xcdatamodel */,
			);
			currentVersion = 4FB3EEFF2A1260E6008C64D7 /* MealTableView.xcdatamodel */;
			path = MealTableView.xcdatamodeld;
			sourceTree = "<group>";
			versionGroupType = wrapper.xcdatamodel;
		};
/* End XCVersionGroup section */
	};
	rootObject = 4FB3EEEA2A1260E6008C64D7 /* Project object */;
}
