PODS:
  - Alamofire (5.7.1)
  - SnapKit (5.6.0)
  - Then (3.0.0)

DEPENDENCIES:
  - Alamofire
  - SnapKit
  - Then

SPEC REPOS:
  trunk:
    - Alamofire
    - SnapKit
    - Then

SPEC CHECKSUMS:
  Alamofire: 0123a34370cb170936ae79a8df46cc62b2edeb88
  SnapKit: e01d52ebb8ddbc333eefe2132acf85c8227d9c25
  Then: 844265ae87834bbe1147d91d5d41a404da2ec27d

PODFILE CHECKSUM: f7fb87fb80093e748119a990b1e0134c96c24968

COCOAPODS: 1.12.1
