// !$*UTF8*$!
{
	archiveVersion = 1;
	classes = {
	};
	objectVersion = 56;
	objects = {

/* Begin PBXBuildFile section */
		4FAAC1E02A25EAE8008BA622 /* AppDelegate.swift in Sources */ = {isa = PBXBuildFile; fileRef = 4FAAC1DF2A25EAE8008BA622 /* AppDelegate.swift */; };
		4FAAC1E22A25EAE8008BA622 /* SceneDelegate.swift in Sources */ = {isa = PBXBuildFile; fileRef = 4FAAC1E12A25EAE8008BA622 /* SceneDelegate.swift */; };
		4FAAC1E42A25EAE8008BA622 /* MainViewController.swift in Sources */ = {isa = PBXBuildFile; fileRef = 4FAAC1E32A25EAE8008BA622 /* MainViewController.swift */; };
		4FAAC1E72A25EAE8008BA622 /* Main.storyboard in Resources */ = {isa = PBXBuildFile; fileRef = 4FAAC1E52A25EAE8008BA622 /* Main.storyboard */; };
		4FAAC1EA2A25EAE8008BA622 /* NiceApp.xcdatamodeld in Sources */ = {isa = PBXBuildFile; fileRef = 4FAAC1E82A25EAE8008BA622 /* NiceApp.xcdatamodeld */; };
		4FAAC1EC2A25EAE9008BA622 /* Assets.xcassets in Resources */ = {isa = PBXBuildFile; fileRef = 4FAAC1EB2A25EAE9008BA622 /* Assets.xcassets */; };
		4FAAC1EF2A25EAE9008BA622 /* LaunchScreen.storyboard in Resources */ = {isa = PBXBuildFile; fileRef = 4FAAC1ED2A25EAE9008BA622 /* LaunchScreen.storyboard */; };
		4FAAC1FE2A26038D008BA622 /* 144414-find-location.json in Resources */ = {isa = PBXBuildFile; fileRef = 4FAAC1FD2A26038D008BA622 /* 144414-find-location.json */; };
		5CD10BC21939097E531BA73D /* Pods_NiceApp.framework in Frameworks */ = {isa = PBXBuildFile; fileRef = 35441DE88C9736CDC4BB427A /* Pods_NiceApp.framework */; };
/* End PBXBuildFile section */

/* Begin PBXFileReference section */
		35441DE88C9736CDC4BB427A /* Pods_NiceApp.framework */ = {isa = PBXFileReference; explicitFileType = wrapper.framework; includeInIndex = 0; path = Pods_NiceApp.framework; sourceTree = BUILT_PRODUCTS_DIR; };
		4FAAC1DC2A25EAE8008BA622 /* NiceApp.app */ = {isa = PBXFileReference; explicitFileType = wrapper.application; includeInIndex = 0; path = NiceApp.app; sourceTree = BUILT_PRODUCTS_DIR; };
		4FAAC1DF2A25EAE8008BA622 /* AppDelegate.swift */ = {isa = PBXFileReference; lastKnownFileType = sourcecode.swift; path = AppDelegate.swift; sourceTree = "<group>"; };
		4FAAC1E12A25EAE8008BA622 /* SceneDelegate.swift */ = {isa = PBXFileReference; lastKnownFileType = sourcecode.swift; path = SceneDelegate.swift; sourceTree = "<group>"; };
		4FAAC1E32A25EAE8008BA622 /* MainViewController.swift */ = {isa = PBXFileReference; lastKnownFileType = sourcecode.swift; path = MainViewController.swift; sourceTree = "<group>"; };
		4FAAC1E62A25EAE8008BA622 /* Base */ = {isa = PBXFileReference; lastKnownFileType = file.storyboard; name = Base; path = Base.lproj/Main.storyboard; sourceTree = "<group>"; };
		4FAAC1E92A25EAE8008BA622 /* NiceApp.xcdatamodel */ = {isa = PBXFileReference; lastKnownFileType = wrapper.xcdatamodel; path = NiceApp.xcdatamodel; sourceTree = "<group>"; };
		4FAAC1EB2A25EAE9008BA622 /* Assets.xcassets */ = {isa = PBXFileReference; lastKnownFileType = folder.assetcatalog; path = Assets.xcassets; sourceTree = "<group>"; };
		4FAAC1EE2A25EAE9008BA622 /* Base */ = {isa = PBXFileReference; lastKnownFileType = file.storyboard; name = Base; path = Base.lproj/LaunchScreen.storyboard; sourceTree = "<group>"; };
		4FAAC1F02A25EAE9008BA622 /* Info.plist */ = {isa = PBXFileReference; lastKnownFileType = text.plist.xml; path = Info.plist; sourceTree = "<group>"; };
		4FAAC1FD2A26038D008BA622 /* 144414-find-location.json */ = {isa = PBXFileReference; fileEncoding = 4; lastKnownFileType = text.json; path = "144414-find-location.json"; sourceTree = "<group>"; };
		5D3D5FB2AB3C0A8A02AA9BC7 /* Pods-NiceApp.release.xcconfig */ = {isa = PBXFileReference; includeInIndex = 1; lastKnownFileType = text.xcconfig; name = "Pods-NiceApp.release.xcconfig"; path = "Target Support Files/Pods-NiceApp/Pods-NiceApp.release.xcconfig"; sourceTree = "<group>"; };
		ADDEDAFEADA9763EBF42F765 /* Pods-NiceApp.debug.xcconfig */ = {isa = PBXFileReference; includeInIndex = 1; lastKnownFileType = text.xcconfig; name = "Pods-NiceApp.debug.xcconfig"; path = "Target Support Files/Pods-NiceApp/Pods-NiceApp.debug.xcconfig"; sourceTree = "<group>"; };
/* End PBXFileReference section */

/* Begin PBXFrameworksBuildPhase section */
		4FAAC1D92A25EAE8008BA622 /* Frameworks */ = {
			isa = PBXFrameworksBuildPhase;
			buildActionMask = 2147483647;
			files = (
				5CD10BC21939097E531BA73D /* Pods_NiceApp.framework in Frameworks */,
			);
			runOnlyForDeploymentPostprocessing = 0;
		};
/* End PBXFrameworksBuildPhase section */

/* Begin PBXGroup section */
		05B01C3BBDFCE95D18337FA1 /* Pods */ = {
			isa = PBXGroup;
			children = (
				ADDEDAFEADA9763EBF42F765 /* Pods-NiceApp.debug.xcconfig */,
				5D3D5FB2AB3C0A8A02AA9BC7 /* Pods-NiceApp.release.xcconfig */,
			);
			path = Pods;
			sourceTree = "<group>";
		};
		4FAAC1D32A25EAE8008BA622 = {
			isa = PBXGroup;
			children = (
				4FAAC1DE2A25EAE8008BA622 /* NiceApp */,
				4FAAC1DD2A25EAE8008BA622 /* Products */,
				05B01C3BBDFCE95D18337FA1 /* Pods */,
				D6CF8F029F68979F86423A5B /* Frameworks */,
			);
			sourceTree = "<group>";
		};
		4FAAC1DD2A25EAE8008BA622 /* Products */ = {
			isa = PBXGroup;
			children = (
				4FAAC1DC2A25EAE8008BA622 /* NiceApp.app */,
			);
			name = Products;
			sourceTree = "<group>";
		};
		4FAAC1DE2A25EAE8008BA622 /* NiceApp */ = {
			isa = PBXGroup;
			children = (
				4FAAC1FD2A26038D008BA622 /* 144414-find-location.json */,
				4FAAC1F62A25EAF5008BA622 /* ViewControllers */,
				4FAAC1DF2A25EAE8008BA622 /* AppDelegate.swift */,
				4FAAC1E12A25EAE8008BA622 /* SceneDelegate.swift */,
				4FAAC1E52A25EAE8008BA622 /* Main.storyboard */,
				4FAAC1EB2A25EAE9008BA622 /* Assets.xcassets */,
				4FAAC1ED2A25EAE9008BA622 /* LaunchScreen.storyboard */,
				4FAAC1F02A25EAE9008BA622 /* Info.plist */,
				4FAAC1E82A25EAE8008BA622 /* NiceApp.xcdatamodeld */,
			);
			path = NiceApp;
			sourceTree = "<group>";
		};
		4FAAC1F62A25EAF5008BA622 /* ViewControllers */ = {
			isa = PBXGroup;
			children = (
				4FAAC1E32A25EAE8008BA622 /* MainViewController.swift */,
			);
			path = ViewControllers;
			sourceTree = "<group>";
		};
		D6CF8F029F68979F86423A5B /* Frameworks */ = {
			isa = PBXGroup;
			children = (
				35441DE88C9736CDC4BB427A /* Pods_NiceApp.framework */,
			);
			name = Frameworks;
			sourceTree = "<group>";
		};
/* End PBXGroup section */

/* Begin PBXNativeTarget section */
		4FAAC1DB2A25EAE8008BA622 /* NiceApp */ = {
			isa = PBXNativeTarget;
			buildConfigurationList = 4FAAC1F32A25EAE9008BA622 /* Build configuration list for PBXNativeTarget "NiceApp" */;
			buildPhases = (
				F45E04EAD453D978E88D4465 /* [CP] Check Pods Manifest.lock */,
				4FAAC1D82A25EAE8008BA622 /* Sources */,
				4FAAC1D92A25EAE8008BA622 /* Frameworks */,
				4FAAC1DA2A25EAE8008BA622 /* Resources */,
				7E4AFF3F268BB8AD6A38BC2E /* [CP] Embed Pods Frameworks */,
			);
			buildRules = (
			);
			dependencies = (
			);
			name = NiceApp;
			productName = NiceApp;
			productReference = 4FAAC1DC2A25EAE8008BA622 /* NiceApp.app */;
			productType = "com.apple.product-type.application";
		};
/* End PBXNativeTarget section */

/* Begin PBXProject section */
		4FAAC1D42A25EAE8008BA622 /* Project object */ = {
			isa = PBXProject;
			attributes = {
				BuildIndependentTargetsInParallel = 1;
				LastSwiftUpdateCheck = 1430;
				LastUpgradeCheck = 1430;
				TargetAttributes = {
					4FAAC1DB2A25EAE8008BA622 = {
						CreatedOnToolsVersion = 14.3;
					};
				};
			};
			buildConfigurationList = 4FAAC1D72A25EAE8008BA622 /* Build configuration list for PBXProject "NiceApp" */;
			compatibilityVersion = "Xcode 14.0";
			developmentRegion = en;
			hasScannedForEncodings = 0;
			knownRegions = (
				en,
				Base,
			);
			mainGroup = 4FAAC1D32A25EAE8008BA622;
			productRefGroup = 4FAAC1DD2A25EAE8008BA622 /* Products */;
			projectDirPath = "";
			projectRoot = "";
			targets = (
				4FAAC1DB2A25EAE8008BA622 /* NiceApp */,
			);
		};
/* End PBXProject section */

/* Begin PBXResourcesBuildPhase section */
		4FAAC1DA2A25EAE8008BA622 /* Resources */ = {
			isa = PBXResourcesBuildPhase;
			buildActionMask = 2147483647;
			files = (
				4FAAC1EF2A25EAE9008BA622 /* LaunchScreen.storyboard in Resources */,
				4FAAC1EC2A25EAE9008BA622 /* Assets.xcassets in Resources */,
				4FAAC1E72A25EAE8008BA622 /* Main.storyboard in Resources */,
				4FAAC1FE2A26038D008BA622 /* 144414-find-location.json in Resources */,
			);
			runOnlyForDeploymentPostprocessing = 0;
		};
/* End PBXResourcesBuildPhase section */

/* Begin PBXShellScriptBuildPhase section */
		7E4AFF3F268BB8AD6A38BC2E /* [CP] Embed Pods Frameworks */ = {
			isa = PBXShellScriptBuildPhase;
			buildActionMask = 2147483647;
			files = (
			);
			inputFileListPaths = (
				"${PODS_ROOT}/Target Support Files/Pods-NiceApp/Pods-NiceApp-frameworks-${CONFIGURATION}-input-files.xcfilelist",
			);
			name = "[CP] Embed Pods Frameworks";
			outputFileListPaths = (
				"${PODS_ROOT}/Target Support Files/Pods-NiceApp/Pods-NiceApp-frameworks-${CONFIGURATION}-output-files.xcfilelist",
			);
			runOnlyForDeploymentPostprocessing = 0;
			shellPath = /bin/sh;
			shellScript = "\"${PODS_ROOT}/Target Support Files/Pods-NiceApp/Pods-NiceApp-frameworks.sh\"\n";
			showEnvVarsInLog = 0;
		};
		F45E04EAD453D978E88D4465 /* [CP] Check Pods Manifest.lock */ = {
			isa = PBXShellScriptBuildPhase;
			buildActionMask = 2147483647;
			files = (
			);
			inputFileListPaths = (
			);
			inputPaths = (
				"${PODS_PODFILE_DIR_PATH}/Podfile.lock",
				"${PODS_ROOT}/Manifest.lock",
			);
			name = "[CP] Check Pods Manifest.lock";
			outputFileListPaths = (
			);
			outputPaths = (
				"$(DERIVED_FILE_DIR)/Pods-NiceApp-checkManifestLockResult.txt",
			);
			runOnlyForDeploymentPostprocessing = 0;
			shellPath = /bin/sh;
			shellScript = "diff \"${PODS_PODFILE_DIR_PATH}/Podfile.lock\" \"${PODS_ROOT}/Manifest.lock\" > /dev/null\nif [ $? != 0 ] ; then\n    # print error to STDERR\n    echo \"error: The sandbox is not in sync with the Podfile.lock. Run 'pod install' or update your CocoaPods installation.\" >&2\n    exit 1\nfi\n# This output is used by Xcode 'outputs' to avoid re-running this script phase.\necho \"SUCCESS\" > \"${SCRIPT_OUTPUT_FILE_0}\"\n";
			showEnvVarsInLog = 0;
		};
/* End PBXShellScriptBuildPhase section */

/* Begin PBXSourcesBuildPhase section */
		4FAAC1D82A25EAE8008BA622 /* Sources */ = {
			isa = PBXSourcesBuildPhase;
			buildActionMask = 2147483647;
			files = (
				4FAAC1EA2A25EAE8008BA622 /* NiceApp.xcdatamodeld in Sources */,
				4FAAC1E42A25EAE8008BA622 /* MainViewController.swift in Sources */,
				4FAAC1E02A25EAE8008BA622 /* AppDelegate.swift in Sources */,
				4FAAC1E22A25EAE8008BA622 /* SceneDelegate.swift in Sources */,
			);
			runOnlyForDeploymentPostprocessing = 0;
		};
/* End PBXSourcesBuildPhase section */

/* Begin PBXVariantGroup section */
		4FAAC1E52A25EAE8008BA622 /* Main.storyboard */ = {
			isa = PBXVariantGroup;
			children = (
				4FAAC1E62A25EAE8008BA622 /* Base */,
			);
			name = Main.storyboard;
			sourceTree = "<group>";
		};
		4FAAC1ED2A25EAE9008BA622 /* LaunchScreen.storyboard */ = {
			isa = PBXVariantGroup;
			children = (
				4FAAC1EE2A25EAE9008BA622 /* Base */,
			);
			name = LaunchScreen.storyboard;
			sourceTree = "<group>";
		};
/* End PBXVariantGroup section */

/* Begin XCBuildConfiguration section */
		4FAAC1F12A25EAE9008BA622 /* Debug */ = {
			isa = XCBuildConfiguration;
			buildSettings = {
				ALWAYS_SEARCH_USER_PATHS = NO;
				CLANG_ANALYZER_NONNULL = YES;
				CLANG_ANALYZER_NUMBER_OBJECT_CONVERSION = YES_AGGRESSIVE;
				CLANG_CXX_LANGUAGE_STANDARD = "gnu++20";
				CLANG_ENABLE_MODULES = YES;
				CLANG_ENABLE_OBJC_ARC = YES;
				CLANG_ENABLE_OBJC_WEAK = YES;
				CLANG_WARN_BLOCK_CAPTURE_AUTORELEASING = YES;
				CLANG_WARN_BOOL_CONVERSION = YES;
				CLANG_WARN_COMMA = YES;
				CLANG_WARN_CONSTANT_CONVERSION = YES;
				CLANG_WARN_DEPRECATED_OBJC_IMPLEMENTATIONS = YES;
				CLANG_WARN_DIRECT_OBJC_ISA_USAGE = YES_ERROR;
				CLANG_WARN_DOCUMENTATION_COMMENTS = YES;
				CLANG_WARN_EMPTY_BODY = YES;
				CLANG_WARN_ENUM_CONVERSION = YES;
				CLANG_WARN_INFINITE_RECURSION = YES;
				CLANG_WARN_INT_CONVERSION = YES;
				CLANG_WARN_NON_LITERAL_NULL_CONVERSION = YES;
				CLANG_WARN_OBJC_IMPLICIT_RETAIN_SELF = YES;
				CLANG_WARN_OBJC_LITERAL_CONVERSION = YES;
				CLANG_WARN_OBJC_ROOT_CLASS = YES_ERROR;
				CLANG_WARN_QUOTED_INCLUDE_IN_FRAMEWORK_HEADER = YES;
				CLANG_WARN_RANGE_LOOP_ANALYSIS = YES;
				CLANG_WARN_STRICT_PROTOTYPES = YES;
				CLANG_WARN_SUSPICIOUS_MOVE = YES;
				CLANG_WARN_UNGUARDED_AVAILABILITY = YES_AGGRESSIVE;
				CLANG_WARN_UNREACHABLE_CODE = YES;
				CLANG_WARN__DUPLICATE_METHOD_MATCH = YES;
				COPY_PHASE_STRIP = NO;
				DEBUG_INFORMATION_FORMAT = dwarf;
				ENABLE_STRICT_OBJC_MSGSEND = YES;
				ENABLE_TESTABILITY = YES;
				GCC_C_LANGUAGE_STANDARD = gnu11;
				GCC_DYNAMIC_NO_PIC = NO;
				GCC_NO_COMMON_BLOCKS = YES;
				GCC_OPTIMIZATION_LEVEL = 0;
				GCC_PREPROCESSOR_DEFINITIONS = (
					"DEBUG=1",
					"$(inherited)",
				);
				GCC_WARN_64_TO_32_BIT_CONVERSION = YES;
				GCC_WARN_ABOUT_RETURN_TYPE = YES_ERROR;
				GCC_WARN_UNDECLARED_SELECTOR = YES;
				GCC_WARN_UNINITIALIZED_AUTOS = YES_AGGRESSIVE;
				GCC_WARN_UNUSED_FUNCTION = YES;
				GCC_WARN_UNUSED_VARIABLE = YES;
				IPHONEOS_DEPLOYMENT_TARGET = 16.4;
				MTL_ENABLE_DEBUG_INFO = INCLUDE_SOURCE;
				MTL_FAST_MATH = YES;
				ONLY_ACTIVE_ARCH = YES;
				SDKROOT = iphoneos;
				SWIFT_ACTIVE_COMPILATION_CONDITIONS = DEBUG;
				SWIFT_OPTIMIZATION_LEVEL = "-Onone";
			};
			name = Debug;
		};
		4FAAC1F22A25EAE9008BA622 /* Release */ = {
			isa = XCBuildConfiguration;
			buildSettings = {
				ALWAYS_SEARCH_USER_PATHS = NO;
				CLANG_ANALYZER_NONNULL = YES;
				CLANG_ANALYZER_NUMBER_OBJECT_CONVERSION = YES_AGGRESSIVE;
				CLANG_CXX_LANGUAGE_STANDARD = "gnu++20";
				CLANG_ENABLE_MODULES = YES;
				CLANG_ENABLE_OBJC_ARC = YES;
				CLANG_ENABLE_OBJC_WEAK = YES;
				CLANG_WARN_BLOCK_CAPTURE_AUTORELEASING = YES;
				CLANG_WARN_BOOL_CONVERSION = YES;
				CLANG_WARN_COMMA = YES;
				CLANG_WARN_CONSTANT_CONVERSION = YES;
				CLANG_WARN_DEPRECATED_OBJC_IMPLEMENTATIONS = YES;
				CLANG_WARN_DIRECT_OBJC_ISA_USAGE = YES_ERROR;
				CLANG_WARN_DOCUMENTATION_COMMENTS = YES;
				CLANG_WARN_EMPTY_BODY = YES;
				CLANG_WARN_ENUM_CONVERSION = YES;
				CLANG_WARN_INFINITE_RECURSION = YES;
				CLANG_WARN_INT_CONVERSION = YES;
				CLANG_WARN_NON_LITERAL_NULL_CONVERSION = YES;
				CLANG_WARN_OBJC_IMPLICIT_RETAIN_SELF = YES;
				CLANG_WARN_OBJC_LITERAL_CONVERSION = YES;
				CLANG_WARN_OBJC_ROOT_CLASS = YES_ERROR;
				CLANG_WARN_QUOTED_INCLUDE_IN_FRAMEWORK_HEADER = YES;
				CLANG_WARN_RANGE_LOOP_ANALYSIS = YES;
				CLANG_WARN_STRICT_PROTOTYPES = YES;
				CLANG_WARN_SUSPICIOUS_MOVE = YES;
				CLANG_WARN_UNGUARDED_AVAILABILITY = YES_AGGRESSIVE;
				CLANG_WARN_UNREACHABLE_CODE = YES;
				CLANG_WARN__DUPLICATE_METHOD_MATCH = YES;
				COPY_PHASE_STRIP = NO;
				DEBUG_INFORMATION_FORMAT = "dwarf-with-dsym";
				ENABLE_NS_ASSERTIONS = NO;
				ENABLE_STRICT_OBJC_MSGSEND = YES;
				GCC_C_LANGUAGE_STANDARD = gnu11;
				GCC_NO_COMMON_BLOCKS = YES;
				GCC_WARN_64_TO_32_BIT_CONVERSION = YES;
				GCC_WARN_ABOUT_RETURN_TYPE = YES_ERROR;
				GCC_WARN_UNDECLARED_SELECTOR = YES;
				GCC_WARN_UNINITIALIZED_AUTOS = YES_AGGRESSIVE;
				GCC_WARN_UNUSED_FUNCTION = YES;
				GCC_WARN_UNUSED_VARIABLE = YES;
				IPHONEOS_DEPLOYMENT_TARGET = 16.4;
				MTL_ENABLE_DEBUG_INFO = NO;
				MTL_FAST_MATH = YES;
				SDKROOT = iphoneos;
				SWIFT_COMPILATION_MODE = wholemodule;
				SWIFT_OPTIMIZATION_LEVEL = "-O";
				VALIDATE_PRODUCT = YES;
			};
			name = Release;
		};
		4FAAC1F42A25EAE9008BA622 /* Debug */ = {
			isa = XCBuildConfiguration;
			baseConfigurationReference = ADDEDAFEADA9763EBF42F765 /* Pods-NiceApp.debug.xcconfig */;
			buildSettings = {
				ASSETCATALOG_COMPILER_APPICON_NAME = AppIcon;
				ASSETCATALOG_COMPILER_GLOBAL_ACCENT_COLOR_NAME = AccentColor;
				CODE_SIGN_STYLE = Automatic;
				CURRENT_PROJECT_VERSION = 1;
				GENERATE_INFOPLIST_FILE = YES;
				INFOPLIST_FILE = NiceApp/Info.plist;
				INFOPLIST_KEY_UIApplicationSupportsIndirectInputEvents = YES;
				INFOPLIST_KEY_UILaunchStoryboardName = LaunchScreen;
				INFOPLIST_KEY_UIMainStoryboardFile = Main;
				INFOPLIST_KEY_UISupportedInterfaceOrientations_iPad = "UIInterfaceOrientationPortrait UIInterfaceOrientationPortraitUpsideDown UIInterfaceOrientationLandscapeLeft UIInterfaceOrientationLandscapeRight";
				INFOPLIST_KEY_UISupportedInterfaceOrientations_iPhone = "UIInterfaceOrientationPortrait UIInterfaceOrientationLandscapeLeft UIInterfaceOrientationLandscapeRight";
				LD_RUNPATH_SEARCH_PATHS = (
					"$(inherited)",
					"@executable_path/Frameworks",
				);
				MARKETING_VERSION = 1.0;
				PRODUCT_BUNDLE_IDENTIFIER = aa.NiceApp;
				PRODUCT_NAME = "$(TARGET_NAME)";
				SWIFT_EMIT_LOC_STRINGS = YES;
				SWIFT_VERSION = 5.0;
				TARGETED_DEVICE_FAMILY = "1,2";
			};
			name = Debug;
		};
		4FAAC1F52A25EAE9008BA622 /* Release */ = {
			isa = XCBuildConfiguration;
			baseConfigurationReference = 5D3D5FB2AB3C0A8A02AA9BC7 /* Pods-NiceApp.release.xcconfig */;
			buildSettings = {
				ASSETCATALOG_COMPILER_APPICON_NAME = AppIcon;
				ASSETCATALOG_COMPILER_GLOBAL_ACCENT_COLOR_NAME = AccentColor;
				CODE_SIGN_STYLE = Automatic;
				CURRENT_PROJECT_VERSION = 1;
				GENERATE_INFOPLIST_FILE = YES;
				INFOPLIST_FILE = NiceApp/Info.plist;
				INFOPLIST_KEY_UIApplicationSupportsIndirectInputEvents = YES;
				INFOPLIST_KEY_UILaunchStoryboardName = LaunchScreen;
				INFOPLIST_KEY_UIMainStoryboardFile = Main;
				INFOPLIST_KEY_UISupportedInterfaceOrientations_iPad = "UIInterfaceOrientationPortrait UIInterfaceOrientationPortraitUpsideDown UIInterfaceOrientationLandscapeLeft UIInterfaceOrientationLandscapeRight";
				INFOPLIST_KEY_UISupportedInterfaceOrientations_iPhone = "UIInterfaceOrientationPortrait UIInterfaceOrientationLandscapeLeft UIInterfaceOrientationLandscapeRight";
				LD_RUNPATH_SEARCH_PATHS = (
					"$(inherited)",
					"@executable_path/Frameworks",
				);
				MARKETING_VERSION = 1.0;
				PRODUCT_BUNDLE_IDENTIFIER = aa.NiceApp;
				PRODUCT_NAME = "$(TARGET_NAME)";
				SWIFT_EMIT_LOC_STRINGS = YES;
				SWIFT_VERSION = 5.0;
				TARGETED_DEVICE_FAMILY = "1,2";
			};
			name = Release;
		};
/* End XCBuildConfiguration section */

/* Begin XCConfigurationList section */
		4FAAC1D72A25EAE8008BA622 /* Build configuration list for PBXProject "NiceApp" */ = {
			isa = XCConfigurationList;
			buildConfigurations = (
				4FAAC1F12A25EAE9008BA622 /* Debug */,
				4FAAC1F22A25EAE9008BA622 /* Release */,
			);
			defaultConfigurationIsVisible = 0;
			defaultConfigurationName = Release;
		};
		4FAAC1F32A25EAE9008BA622 /* Build configuration list for PBXNativeTarget "NiceApp" */ = {
			isa = XCConfigurationList;
			buildConfigurations = (
				4FAAC1F42A25EAE9008BA622 /* Debug */,
				4FAAC1F52A25EAE9008BA622 /* Release */,
			);
			defaultConfigurationIsVisible = 0;
			defaultConfigurationName = Release;
		};
/* End XCConfigurationList section */

/* Begin XCVersionGroup section */
		4FAAC1E82A25EAE8008BA622 /* NiceApp.xcdatamodeld */ = {
			isa = XCVersionGroup;
			children = (
				4FAAC1E92A25EAE8008BA622 /* NiceApp.xcdatamodel */,
			);
			currentVersion = 4FAAC1E92A25EAE8008BA622 /* NiceApp.xcdatamodel */;
			path = NiceApp.xcdatamodeld;
			sourceTree = "<group>";
			versionGroupType = wrapper.xcdatamodel;
		};
/* End XCVersionGroup section */
	};
	rootObject = 4FAAC1D42A25EAE8008BA622 /* Project object */;
}
