// !$*UTF8*$!
{
	archiveVersion = 1;
	classes = {
	};
	objectVersion = 56;
	objects = {

/* Begin PBXBuildFile section */
		4F31517C2BD4EEFE0040EEFD /* AppDelegate.swift in Sources */ = {isa = PBXBuildFile; fileRef = 4F31517B2BD4EEFE0040EEFD /* AppDelegate.swift */; };
		4F31517E2BD4EEFE0040EEFD /* SceneDelegate.swift in Sources */ = {isa = PBXBuildFile; fileRef = 4F31517D2BD4EEFE0040EEFD /* SceneDelegate.swift */; };
		4F3151802BD4EEFE0040EEFD /* MainViewController.swift in Sources */ = {isa = PBXBuildFile; fileRef = 4F31517F2BD4EEFE0040EEFD /* MainViewController.swift */; };
		4F3151832BD4EEFE0040EEFD /* Main.storyboard in Resources */ = {isa = PBXBuildFile; fileRef = 4F3151812BD4EEFE0040EEFD /* Main.storyboard */; };
		4F3151852BD4EF000040EEFD /* Assets.xcassets in Resources */ = {isa = PBXBuildFile; fileRef = 4F3151842BD4EF000040EEFD /* Assets.xcassets */; };
		4F3151882BD4EF000040EEFD /* LaunchScreen.storyboard in Resources */ = {isa = PBXBuildFile; fileRef = 4F3151862BD4EF000040EEFD /* LaunchScreen.storyboard */; };
		4F3838972BD53EA5004C3615 /* MainTableViewCell.swift in Sources */ = {isa = PBXBuildFile; fileRef = 4F3838962BD53EA5004C3615 /* MainTableViewCell.swift */; };
		4F3838992BD54051004C3615 /* ToDoListModel.swift in Sources */ = {isa = PBXBuildFile; fileRef = 4F3838982BD54051004C3615 /* ToDoListModel.swift */; };
		4F38389B2BD540B7004C3615 /* InputToDoListViewController.swift in Sources */ = {isa = PBXBuildFile; fileRef = 4F38389A2BD540B7004C3615 /* InputToDoListViewController.swift */; };
/* End PBXBuildFile section */

/* Begin PBXFileReference section */
		4F3151782BD4EEFE0040EEFD /* ToDoList-iOS-Study23.app */ = {isa = PBXFileReference; explicitFileType = wrapper.application; includeInIndex = 0; path = "ToDoList-iOS-Study23.app"; sourceTree = BUILT_PRODUCTS_DIR; };
		4F31517B2BD4EEFE0040EEFD /* AppDelegate.swift */ = {isa = PBXFileReference; lastKnownFileType = sourcecode.swift; path = AppDelegate.swift; sourceTree = "<group>"; };
		4F31517D2BD4EEFE0040EEFD /* SceneDelegate.swift */ = {isa = PBXFileReference; lastKnownFileType = sourcecode.swift; path = SceneDelegate.swift; sourceTree = "<group>"; };
		4F31517F2BD4EEFE0040EEFD /* MainViewController.swift */ = {isa = PBXFileReference; lastKnownFileType = sourcecode.swift; path = MainViewController.swift; sourceTree = "<group>"; };
		4F3151822BD4EEFE0040EEFD /* Base */ = {isa = PBXFileReference; lastKnownFileType = file.storyboard; name = Base; path = Base.lproj/Main.storyboard; sourceTree = "<group>"; };
		4F3151842BD4EF000040EEFD /* Assets.xcassets */ = {isa = PBXFileReference; lastKnownFileType = folder.assetcatalog; path = Assets.xcassets; sourceTree = "<group>"; };
		4F3151872BD4EF000040EEFD /* Base */ = {isa = PBXFileReference; lastKnownFileType = file.storyboard; name = Base; path = Base.lproj/LaunchScreen.storyboard; sourceTree = "<group>"; };
		4F3151892BD4EF000040EEFD /* Info.plist */ = {isa = PBXFileReference; lastKnownFileType = text.plist.xml; path = Info.plist; sourceTree = "<group>"; };
		4F3838962BD53EA5004C3615 /* MainTableViewCell.swift */ = {isa = PBXFileReference; lastKnownFileType = sourcecode.swift; path = MainTableViewCell.swift; sourceTree = "<group>"; };
		4F3838982BD54051004C3615 /* ToDoListModel.swift */ = {isa = PBXFileReference; lastKnownFileType = sourcecode.swift; path = ToDoListModel.swift; sourceTree = "<group>"; };
		4F38389A2BD540B7004C3615 /* InputToDoListViewController.swift */ = {isa = PBXFileReference; lastKnownFileType = sourcecode.swift; path = InputToDoListViewController.swift; sourceTree = "<group>"; };
/* End PBXFileReference section */

/* Begin PBXFrameworksBuildPhase section */
		4F3151752BD4EEFE0040EEFD /* Frameworks */ = {
			isa = PBXFrameworksBuildPhase;
			buildActionMask = 2147483647;
			files = (
			);
			runOnlyForDeploymentPostprocessing = 0;
		};
/* End PBXFrameworksBuildPhase section */

/* Begin PBXGroup section */
		4F31516F2BD4EEFE0040EEFD = {
			isa = PBXGroup;
			children = (
				4F31517A2BD4EEFE0040EEFD /* ToDoList-iOS-Study23 */,
				4F3151792BD4EEFE0040EEFD /* Products */,
			);
			sourceTree = "<group>";
		};
		4F3151792BD4EEFE0040EEFD /* Products */ = {
			isa = PBXGroup;
			children = (
				4F3151782BD4EEFE0040EEFD /* ToDoList-iOS-Study23.app */,
			);
			name = Products;
			sourceTree = "<group>";
		};
		4F31517A2BD4EEFE0040EEFD /* ToDoList-iOS-Study23 */ = {
			isa = PBXGroup;
			children = (
				4F31517B2BD4EEFE0040EEFD /* AppDelegate.swift */,
				4F31517D2BD4EEFE0040EEFD /* SceneDelegate.swift */,
				4F31517F2BD4EEFE0040EEFD /* MainViewController.swift */,
				4F3838962BD53EA5004C3615 /* MainTableViewCell.swift */,
				4F3838982BD54051004C3615 /* ToDoListModel.swift */,
				4F38389A2BD540B7004C3615 /* InputToDoListViewController.swift */,
				4F3151812BD4EEFE0040EEFD /* Main.storyboard */,
				4F3151842BD4EF000040EEFD /* Assets.xcassets */,
				4F3151862BD4EF000040EEFD /* LaunchScreen.storyboard */,
				4F3151892BD4EF000040EEFD /* Info.plist */,
			);
			path = "ToDoList-iOS-Study23";
			sourceTree = "<group>";
		};
/* End PBXGroup section */

/* Begin PBXNativeTarget section */
		4F3151772BD4EEFE0040EEFD /* ToDoList-iOS-Study23 */ = {
			isa = PBXNativeTarget;
			buildConfigurationList = 4F31518C2BD4EF000040EEFD /* Build configuration list for PBXNativeTarget "ToDoList-iOS-Study23" */;
			buildPhases = (
				4F3151742BD4EEFE0040EEFD /* Sources */,
				4F3151752BD4EEFE0040EEFD /* Frameworks */,
				4F3151762BD4EEFE0040EEFD /* Resources */,
			);
			buildRules = (
			);
			dependencies = (
			);
			name = "ToDoList-iOS-Study23";
			productName = "ToDoList-iOS-Study23";
			productReference = 4F3151782BD4EEFE0040EEFD /* ToDoList-iOS-Study23.app */;
			productType = "com.apple.product-type.application";
		};
/* End PBXNativeTarget section */

/* Begin PBXProject section */
		4F3151702BD4EEFE0040EEFD /* Project object */ = {
			isa = PBXProject;
			attributes = {
				BuildIndependentTargetsInParallel = 1;
				LastSwiftUpdateCheck = 1500;
				LastUpgradeCheck = 1500;
				TargetAttributes = {
					4F3151772BD4EEFE0040EEFD = {
						CreatedOnToolsVersion = 15.0.1;
					};
				};
			};
			buildConfigurationList = 4F3151732BD4EEFE0040EEFD /* Build configuration list for PBXProject "ToDoList-iOS-Study23" */;
			compatibilityVersion = "Xcode 14.0";
			developmentRegion = en;
			hasScannedForEncodings = 0;
			knownRegions = (
				en,
				Base,
			);
			mainGroup = 4F31516F2BD4EEFE0040EEFD;
			productRefGroup = 4F3151792BD4EEFE0040EEFD /* Products */;
			projectDirPath = "";
			projectRoot = "";
			targets = (
				4F3151772BD4EEFE0040EEFD /* ToDoList-iOS-Study23 */,
			);
		};
/* End PBXProject section */

/* Begin PBXResourcesBuildPhase section */
		4F3151762BD4EEFE0040EEFD /* Resources */ = {
			isa = PBXResourcesBuildPhase;
			buildActionMask = 2147483647;
			files = (
				4F3151882BD4EF000040EEFD /* LaunchScreen.storyboard in Resources */,
				4F3151852BD4EF000040EEFD /* Assets.xcassets in Resources */,
				4F3151832BD4EEFE0040EEFD /* Main.storyboard in Resources */,
			);
			runOnlyForDeploymentPostprocessing = 0;
		};
/* End PBXResourcesBuildPhase section */

/* Begin PBXSourcesBuildPhase section */
		4F3151742BD4EEFE0040EEFD /* Sources */ = {
			isa = PBXSourcesBuildPhase;
			buildActionMask = 2147483647;
			files = (
				4F3151802BD4EEFE0040EEFD /* MainViewController.swift in Sources */,
				4F31517C2BD4EEFE0040EEFD /* AppDelegate.swift in Sources */,
				4F3838972BD53EA5004C3615 /* MainTableViewCell.swift in Sources */,
				4F3838992BD54051004C3615 /* ToDoListModel.swift in Sources */,
				4F31517E2BD4EEFE0040EEFD /* SceneDelegate.swift in Sources */,
				4F38389B2BD540B7004C3615 /* InputToDoListViewController.swift in Sources */,
			);
			runOnlyForDeploymentPostprocessing = 0;
		};
/* End PBXSourcesBuildPhase section */

/* Begin PBXVariantGroup section */
		4F3151812BD4EEFE0040EEFD /* Main.storyboard */ = {
			isa = PBXVariantGroup;
			children = (
				4F3151822BD4EEFE0040EEFD /* Base */,
			);
			name = Main.storyboard;
			sourceTree = "<group>";
		};
		4F3151862BD4EF000040EEFD /* LaunchScreen.storyboard */ = {
			isa = PBXVariantGroup;
			children = (
				4F3151872BD4EF000040EEFD /* Base */,
			);
			name = LaunchScreen.storyboard;
			sourceTree = "<group>";
		};
/* End PBXVariantGroup section */

/* Begin XCBuildConfiguration section */
		4F31518A2BD4EF000040EEFD /* Debug */ = {
			isa = XCBuildConfiguration;
			buildSettings = {
				ALWAYS_SEARCH_USER_PATHS = NO;
				ASSETCATALOG_COMPILER_GENERATE_SWIFT_ASSET_SYMBOL_EXTENSIONS = YES;
				CLANG_ANALYZER_NONNULL = YES;
				CLANG_ANALYZER_NUMBER_OBJECT_CONVERSION = YES_AGGRESSIVE;
				CLANG_CXX_LANGUAGE_STANDARD = "gnu++20";
				CLANG_ENABLE_MODULES = YES;
				CLANG_ENABLE_OBJC_ARC = YES;
				CLANG_ENABLE_OBJC_WEAK = YES;
				CLANG_WARN_BLOCK_CAPTURE_AUTORELEASING = YES;
				CLANG_WARN_BOOL_CONVERSION = YES;
				CLANG_WARN_COMMA = YES;
				CLANG_WARN_CONSTANT_CONVERSION = YES;
				CLANG_WARN_DEPRECATED_OBJC_IMPLEMENTATIONS = YES;
				CLANG_WARN_DIRECT_OBJC_ISA_USAGE = YES_ERROR;
				CLANG_WARN_DOCUMENTATION_COMMENTS = YES;
				CLANG_WARN_EMPTY_BODY = YES;
				CLANG_WARN_ENUM_CONVERSION = YES;
				CLANG_WARN_INFINITE_RECURSION = YES;
				CLANG_WARN_INT_CONVERSION = YES;
				CLANG_WARN_NON_LITERAL_NULL_CONVERSION = YES;
				CLANG_WARN_OBJC_IMPLICIT_RETAIN_SELF = YES;
				CLANG_WARN_OBJC_LITERAL_CONVERSION = YES;
				CLANG_WARN_OBJC_ROOT_CLASS = YES_ERROR;
				CLANG_WARN_QUOTED_INCLUDE_IN_FRAMEWORK_HEADER = YES;
				CLANG_WARN_RANGE_LOOP_ANALYSIS = YES;
				CLANG_WARN_STRICT_PROTOTYPES = YES;
				CLANG_WARN_SUSPICIOUS_MOVE = YES;
				CLANG_WARN_UNGUARDED_AVAILABILITY = YES_AGGRESSIVE;
				CLANG_WARN_UNREACHABLE_CODE = YES;
				CLANG_WARN__DUPLICATE_METHOD_MATCH = YES;
				COPY_PHASE_STRIP = NO;
				DEBUG_INFORMATION_FORMAT = dwarf;
				ENABLE_STRICT_OBJC_MSGSEND = YES;
				ENABLE_TESTABILITY = YES;
				ENABLE_USER_SCRIPT_SANDBOXING = YES;
				GCC_C_LANGUAGE_STANDARD = gnu17;
				GCC_DYNAMIC_NO_PIC = NO;
				GCC_NO_COMMON_BLOCKS = YES;
				GCC_OPTIMIZATION_LEVEL = 0;
				GCC_PREPROCESSOR_DEFINITIONS = (
					"DEBUG=1",
					"$(inherited)",
				);
				GCC_WARN_64_TO_32_BIT_CONVERSION = YES;
				GCC_WARN_ABOUT_RETURN_TYPE = YES_ERROR;
				GCC_WARN_UNDECLARED_SELECTOR = YES;
				GCC_WARN_UNINITIALIZED_AUTOS = YES_AGGRESSIVE;
				GCC_WARN_UNUSED_FUNCTION = YES;
				GCC_WARN_UNUSED_VARIABLE = YES;
				IPHONEOS_DEPLOYMENT_TARGET = 17.0;
				LOCALIZATION_PREFERS_STRING_CATALOGS = YES;
				MTL_ENABLE_DEBUG_INFO = INCLUDE_SOURCE;
				MTL_FAST_MATH = YES;
				ONLY_ACTIVE_ARCH = YES;
				SDKROOT = iphoneos;
				SWIFT_ACTIVE_COMPILATION_CONDITIONS = "DEBUG $(inherited)";
				SWIFT_OPTIMIZATION_LEVEL = "-Onone";
			};
			name = Debug;
		};
		4F31518B2BD4EF000040EEFD /* Release */ = {
			isa = XCBuildConfiguration;
			buildSettings = {
				ALWAYS_SEARCH_USER_PATHS = NO;
				ASSETCATALOG_COMPILER_GENERATE_SWIFT_ASSET_SYMBOL_EXTENSIONS = YES;
				CLANG_ANALYZER_NONNULL = YES;
				CLANG_ANALYZER_NUMBER_OBJECT_CONVERSION = YES_AGGRESSIVE;
				CLANG_CXX_LANGUAGE_STANDARD = "gnu++20";
				CLANG_ENABLE_MODULES = YES;
				CLANG_ENABLE_OBJC_ARC = YES;
				CLANG_ENABLE_OBJC_WEAK = YES;
				CLANG_WARN_BLOCK_CAPTURE_AUTORELEASING = YES;
				CLANG_WARN_BOOL_CONVERSION = YES;
				CLANG_WARN_COMMA = YES;
				CLANG_WARN_CONSTANT_CONVERSION = YES;
				CLANG_WARN_DEPRECATED_OBJC_IMPLEMENTATIONS = YES;
				CLANG_WARN_DIRECT_OBJC_ISA_USAGE = YES_ERROR;
				CLANG_WARN_DOCUMENTATION_COMMENTS = YES;
				CLANG_WARN_EMPTY_BODY = YES;
				CLANG_WARN_ENUM_CONVERSION = YES;
				CLANG_WARN_INFINITE_RECURSION = YES;
				CLANG_WARN_INT_CONVERSION = YES;
				CLANG_WARN_NON_LITERAL_NULL_CONVERSION = YES;
				CLANG_WARN_OBJC_IMPLICIT_RETAIN_SELF = YES;
				CLANG_WARN_OBJC_LITERAL_CONVERSION = YES;
				CLANG_WARN_OBJC_ROOT_CLASS = YES_ERROR;
				CLANG_WARN_QUOTED_INCLUDE_IN_FRAMEWORK_HEADER = YES;
				CLANG_WARN_RANGE_LOOP_ANALYSIS = YES;
				CLANG_WARN_STRICT_PROTOTYPES = YES;
				CLANG_WARN_SUSPICIOUS_MOVE = YES;
				CLANG_WARN_UNGUARDED_AVAILABILITY = YES_AGGRESSIVE;
				CLANG_WARN_UNREACHABLE_CODE = YES;
				CLANG_WARN__DUPLICATE_METHOD_MATCH = YES;
				COPY_PHASE_STRIP = NO;
				DEBUG_INFORMATION_FORMAT = "dwarf-with-dsym";
				ENABLE_NS_ASSERTIONS = NO;
				ENABLE_STRICT_OBJC_MSGSEND = YES;
				ENABLE_USER_SCRIPT_SANDBOXING = YES;
				GCC_C_LANGUAGE_STANDARD = gnu17;
				GCC_NO_COMMON_BLOCKS = YES;
				GCC_WARN_64_TO_32_BIT_CONVERSION = YES;
				GCC_WARN_ABOUT_RETURN_TYPE = YES_ERROR;
				GCC_WARN_UNDECLARED_SELECTOR = YES;
				GCC_WARN_UNINITIALIZED_AUTOS = YES_AGGRESSIVE;
				GCC_WARN_UNUSED_FUNCTION = YES;
				GCC_WARN_UNUSED_VARIABLE = YES;
				IPHONEOS_DEPLOYMENT_TARGET = 17.0;
				LOCALIZATION_PREFERS_STRING_CATALOGS = YES;
				MTL_ENABLE_DEBUG_INFO = NO;
				MTL_FAST_MATH = YES;
				SDKROOT = iphoneos;
				SWIFT_COMPILATION_MODE = wholemodule;
				VALIDATE_PRODUCT = YES;
			};
			name = Release;
		};
		4F31518D2BD4EF000040EEFD /* Debug */ = {
			isa = XCBuildConfiguration;
			buildSettings = {
				ASSETCATALOG_COMPILER_APPICON_NAME = AppIcon;
				ASSETCATALOG_COMPILER_GLOBAL_ACCENT_COLOR_NAME = AccentColor;
				CODE_SIGN_STYLE = Automatic;
				CURRENT_PROJECT_VERSION = 1;
				GENERATE_INFOPLIST_FILE = YES;
				INFOPLIST_FILE = "ToDoList-iOS-Study23/Info.plist";
				INFOPLIST_KEY_UIApplicationSupportsIndirectInputEvents = YES;
				INFOPLIST_KEY_UILaunchStoryboardName = LaunchScreen;
				INFOPLIST_KEY_UIMainStoryboardFile = Main;
				INFOPLIST_KEY_UISupportedInterfaceOrientations_iPad = "UIInterfaceOrientationPortrait UIInterfaceOrientationPortraitUpsideDown UIInterfaceOrientationLandscapeLeft UIInterfaceOrientationLandscapeRight";
				INFOPLIST_KEY_UISupportedInterfaceOrientations_iPhone = "UIInterfaceOrientationPortrait UIInterfaceOrientationLandscapeLeft UIInterfaceOrientationLandscapeRight";
				LD_RUNPATH_SEARCH_PATHS = (
					"$(inherited)",
					"@executable_path/Frameworks",
				);
				MARKETING_VERSION = 1.0;
				PRODUCT_BUNDLE_IDENTIFIER = "aa.ToDoList-iOS-Study23";
				PRODUCT_NAME = "$(TARGET_NAME)";
				SWIFT_EMIT_LOC_STRINGS = YES;
				SWIFT_VERSION = 5.0;
				TARGETED_DEVICE_FAMILY = "1,2";
			};
			name = Debug;
		};
		4F31518E2BD4EF000040EEFD /* Release */ = {
			isa = XCBuildConfiguration;
			buildSettings = {
				ASSETCATALOG_COMPILER_APPICON_NAME = AppIcon;
				ASSETCATALOG_COMPILER_GLOBAL_ACCENT_COLOR_NAME = AccentColor;
				CODE_SIGN_STYLE = Automatic;
				CURRENT_PROJECT_VERSION = 1;
				GENERATE_INFOPLIST_FILE = YES;
				INFOPLIST_FILE = "ToDoList-iOS-Study23/Info.plist";
				INFOPLIST_KEY_UIApplicationSupportsIndirectInputEvents = YES;
				INFOPLIST_KEY_UILaunchStoryboardName = LaunchScreen;
				INFOPLIST_KEY_UIMainStoryboardFile = Main;
				INFOPLIST_KEY_UISupportedInterfaceOrientations_iPad = "UIInterfaceOrientationPortrait UIInterfaceOrientationPortraitUpsideDown UIInterfaceOrientationLandscapeLeft UIInterfaceOrientationLandscapeRight";
				INFOPLIST_KEY_UISupportedInterfaceOrientations_iPhone = "UIInterfaceOrientationPortrait UIInterfaceOrientationLandscapeLeft UIInterfaceOrientationLandscapeRight";
				LD_RUNPATH_SEARCH_PATHS = (
					"$(inherited)",
					"@executable_path/Frameworks",
				);
				MARKETING_VERSION = 1.0;
				PRODUCT_BUNDLE_IDENTIFIER = "aa.ToDoList-iOS-Study23";
				PRODUCT_NAME = "$(TARGET_NAME)";
				SWIFT_EMIT_LOC_STRINGS = YES;
				SWIFT_VERSION = 5.0;
				TARGETED_DEVICE_FAMILY = "1,2";
			};
			name = Release;
		};
/* End XCBuildConfiguration section */

/* Begin XCConfigurationList section */
		4F3151732BD4EEFE0040EEFD /* Build configuration list for PBXProject "ToDoList-iOS-Study23" */ = {
			isa = XCConfigurationList;
			buildConfigurations = (
				4F31518A2BD4EF000040EEFD /* Debug */,
				4F31518B2BD4EF000040EEFD /* Release */,
			);
			defaultConfigurationIsVisible = 0;
			defaultConfigurationName = Release;
		};
		4F31518C2BD4EF000040EEFD /* Build configuration list for PBXNativeTarget "ToDoList-iOS-Study23" */ = {
			isa = XCConfigurationList;
			buildConfigurations = (
				4F31518D2BD4EF000040EEFD /* Debug */,
				4F31518E2BD4EF000040EEFD /* Release */,
			);
			defaultConfigurationIsVisible = 0;
			defaultConfigurationName = Release;
		};
/* End XCConfigurationList section */
	};
	rootObject = 4F3151702BD4EEFE0040EEFD /* Project object */;
}
